// !$*UTF8*$!
{
	archiveVersion = 1;
	classes = {
	};
	objectVersion = 46;
	objects = {

/* Begin PBXBuildFile section */
		097C54871E026783000FEC46 /* GoogleToolboxForMac.framework in Frameworks */ = {isa = PBXBuildFile; fileRef = 097C54861E026783000FEC46 /* GoogleToolboxForMac.framework */; };
		09BE14D71E0E10ED00CF71C7 /* ContentViewController.swift in Sources */ = {isa = PBXBuildFile; fileRef = 09BE14D61E0E10ED00CF71C7 /* ContentViewController.swift */; };
		2307F2441E0F5AFC00572D4B /* RecipeCall.swift in Sources */ = {isa = PBXBuildFile; fileRef = 2307F2421E0F5AFC00572D4B /* RecipeCall.swift */; };
		2307F2451E0F5AFC00572D4B /* RecipeUrl.swift in Sources */ = {isa = PBXBuildFile; fileRef = 2307F2431E0F5AFC00572D4B /* RecipeUrl.swift */; };
		2319479F1DD7D20E000C7429 /* GoogleService-Info.plist in Resources */ = {isa = PBXBuildFile; fileRef = 2319479E1DD7D20E000C7429 /* GoogleService-Info.plist */; };
		23DFA2E31DCBF44700D036A0 /* AppDelegate.swift in Sources */ = {isa = PBXBuildFile; fileRef = 23DFA2E21DCBF44700D036A0 /* AppDelegate.swift */; };
		23DFA2E51DCBF44700D036A0 /* ViewController.swift in Sources */ = {isa = PBXBuildFile; fileRef = 23DFA2E41DCBF44700D036A0 /* ViewController.swift */; };
		23DFA2E81DCBF44700D036A0 /* Main.storyboard in Resources */ = {isa = PBXBuildFile; fileRef = 23DFA2E61DCBF44700D036A0 /* Main.storyboard */; };
		23DFA2EA1DCBF44700D036A0 /* Assets.xcassets in Resources */ = {isa = PBXBuildFile; fileRef = 23DFA2E91DCBF44700D036A0 /* Assets.xcassets */; };
		23DFA2ED1DCBF44700D036A0 /* LaunchScreen.storyboard in Resources */ = {isa = PBXBuildFile; fileRef = 23DFA2EB1DCBF44700D036A0 /* LaunchScreen.storyboard */; };
		FCE6747C13BD412B629D2130 /* Pods_quickneasy.framework in Frameworks */ = {isa = PBXBuildFile; fileRef = 0E39F622F51A5835A28F1504 /* Pods_quickneasy.framework */; };
/* End PBXBuildFile section */

/* Begin PBXFileReference section */
		064832384315A1D4FE705591 /* Pods-quickneasy.release.xcconfig */ = {isa = PBXFileReference; includeInIndex = 1; lastKnownFileType = text.xcconfig; name = "Pods-quickneasy.release.xcconfig"; path = "Pods/Target Support Files/Pods-quickneasy/Pods-quickneasy.release.xcconfig"; sourceTree = "<group>"; };
		093384351E024F9C00A46AE7 /* quickneasy-Bridging-Header.h */ = {isa = PBXFileReference; lastKnownFileType = sourcecode.c.h; path = "quickneasy-Bridging-Header.h"; sourceTree = "<group>"; };
		097C54851E0266C9000FEC46 /* en */ = {isa = PBXFileReference; lastKnownFileType = text.plist.strings; name = en; path = en.lproj/Main.strings; sourceTree = "<group>"; };
		097C54861E026783000FEC46 /* GoogleToolboxForMac.framework */ = {isa = PBXFileReference; lastKnownFileType = wrapper.framework; name = GoogleToolboxForMac.framework; path = "../../../Library/Developer/Xcode/DerivedData/quickneasy-chhrrlgbjflmhtfglonjqisbxcai/Build/Products/Debug-iphonesimulator/GoogleToolboxForMac/GoogleToolboxForMac.framework"; sourceTree = "<group>"; };
		09BE14D61E0E10ED00CF71C7 /* ContentViewController.swift */ = {isa = PBXFileReference; fileEncoding = 4; lastKnownFileType = sourcecode.swift; path = ContentViewController.swift; sourceTree = "<group>"; };
		0E39F622F51A5835A28F1504 /* Pods_quickneasy.framework */ = {isa = PBXFileReference; explicitFileType = wrapper.framework; includeInIndex = 0; path = Pods_quickneasy.framework; sourceTree = BUILT_PRODUCTS_DIR; };
		2307F2421E0F5AFC00572D4B /* RecipeCall.swift */ = {isa = PBXFileReference; fileEncoding = 4; lastKnownFileType = sourcecode.swift; path = RecipeCall.swift; sourceTree = "<group>"; };
		2307F2431E0F5AFC00572D4B /* RecipeUrl.swift */ = {isa = PBXFileReference; fileEncoding = 4; lastKnownFileType = sourcecode.swift; path = RecipeUrl.swift; sourceTree = "<group>"; };
		2319479E1DD7D20E000C7429 /* GoogleService-Info.plist */ = {isa = PBXFileReference; fileEncoding = 4; lastKnownFileType = text.plist.xml; path = "GoogleService-Info.plist"; sourceTree = "<group>"; };
		23DFA2DF1DCBF44700D036A0 /* quickneasy.app */ = {isa = PBXFileReference; explicitFileType = wrapper.application; includeInIndex = 0; path = quickneasy.app; sourceTree = BUILT_PRODUCTS_DIR; };
		23DFA2E21DCBF44700D036A0 /* AppDelegate.swift */ = {isa = PBXFileReference; lastKnownFileType = sourcecode.swift; path = AppDelegate.swift; sourceTree = "<group>"; };
		23DFA2E41DCBF44700D036A0 /* ViewController.swift */ = {isa = PBXFileReference; lastKnownFileType = sourcecode.swift; path = ViewController.swift; sourceTree = "<group>"; };
		23DFA2E71DCBF44700D036A0 /* Base */ = {isa = PBXFileReference; lastKnownFileType = file.storyboard; name = Base; path = Base.lproj/Main.storyboard; sourceTree = "<group>"; };
		23DFA2E91DCBF44700D036A0 /* Assets.xcassets */ = {isa = PBXFileReference; lastKnownFileType = folder.assetcatalog; path = Assets.xcassets; sourceTree = "<group>"; };
		23DFA2EC1DCBF44700D036A0 /* Base */ = {isa = PBXFileReference; lastKnownFileType = file.storyboard; name = Base; path = Base.lproj/LaunchScreen.storyboard; sourceTree = "<group>"; };
		23DFA2EE1DCBF44700D036A0 /* Info.plist */ = {isa = PBXFileReference; lastKnownFileType = text.plist.xml; path = Info.plist; sourceTree = "<group>"; };
		53677833A0BE150E1E0CC7AA /* Pods-quickneasy.debug.xcconfig */ = {isa = PBXFileReference; includeInIndex = 1; lastKnownFileType = text.xcconfig; name = "Pods-quickneasy.debug.xcconfig"; path = "Pods/Target Support Files/Pods-quickneasy/Pods-quickneasy.debug.xcconfig"; sourceTree = "<group>"; };
/* End PBXFileReference section */

/* Begin PBXFrameworksBuildPhase section */
		23DFA2DC1DCBF44700D036A0 /* Frameworks */ = {
			isa = PBXFrameworksBuildPhase;
			buildActionMask = 2147483647;
			files = (
				097C54871E026783000FEC46 /* GoogleToolboxForMac.framework in Frameworks */,
				FCE6747C13BD412B629D2130 /* Pods_quickneasy.framework in Frameworks */,
			);
			runOnlyForDeploymentPostprocessing = 0;
		};
/* End PBXFrameworksBuildPhase section */

/* Begin PBXGroup section */
		2307F23A1E0F49CF00572D4B /* Networking */ = {
			isa = PBXGroup;
			children = (
				2307F2411E0F5AFC00572D4B /* Recipe */,
			);
			path = Networking;
			sourceTree = "<group>";
		};
		2307F2411E0F5AFC00572D4B /* Recipe */ = {
			isa = PBXGroup;
			children = (
				2307F2421E0F5AFC00572D4B /* RecipeCall.swift */,
				2307F2431E0F5AFC00572D4B /* RecipeUrl.swift */,
			);
			path = Recipe;
			sourceTree = "<group>";
		};
		2307F2461E0F705100572D4B /* ViewControllers */ = {
			isa = PBXGroup;
			children = (
			);
			path = ViewControllers;
			sourceTree = "<group>";
		};
		23DFA2D61DCBF44700D036A0 = {
			isa = PBXGroup;
			children = (
				23DFA2E11DCBF44700D036A0 /* quickneasy */,
				23DFA2E01DCBF44700D036A0 /* Products */,
				E43ADFA3C942B44F4CFD499A /* Pods */,
				B3EA543C4B762860C11330DD /* Frameworks */,
			);
			sourceTree = "<group>";
		};
		23DFA2E01DCBF44700D036A0 /* Products */ = {
			isa = PBXGroup;
			children = (
				23DFA2DF1DCBF44700D036A0 /* quickneasy.app */,
			);
			name = Products;
			sourceTree = "<group>";
		};
		23DFA2E11DCBF44700D036A0 /* quickneasy */ = {
			isa = PBXGroup;
			children = (
				2307F2461E0F705100572D4B /* ViewControllers */,
				2307F23A1E0F49CF00572D4B /* Networking */,
				2319479E1DD7D20E000C7429 /* GoogleService-Info.plist */,
				23DFA2E21DCBF44700D036A0 /* AppDelegate.swift */,
				23DFA2E41DCBF44700D036A0 /* ViewController.swift */,
				09BE14D61E0E10ED00CF71C7 /* ContentViewController.swift */,
				23DFA2E61DCBF44700D036A0 /* Main.storyboard */,
				23DFA2E91DCBF44700D036A0 /* Assets.xcassets */,
				23DFA2EB1DCBF44700D036A0 /* LaunchScreen.storyboard */,
				23DFA2EE1DCBF44700D036A0 /* Info.plist */,
				093384351E024F9C00A46AE7 /* quickneasy-Bridging-Header.h */,
			);
			path = quickneasy;
			sourceTree = "<group>";
		};
		B3EA543C4B762860C11330DD /* Frameworks */ = {
			isa = PBXGroup;
			children = (
				097C54861E026783000FEC46 /* GoogleToolboxForMac.framework */,
				0E39F622F51A5835A28F1504 /* Pods_quickneasy.framework */,
			);
			name = Frameworks;
			sourceTree = "<group>";
		};
		E43ADFA3C942B44F4CFD499A /* Pods */ = {
			isa = PBXGroup;
			children = (
				53677833A0BE150E1E0CC7AA /* Pods-quickneasy.debug.xcconfig */,
				064832384315A1D4FE705591 /* Pods-quickneasy.release.xcconfig */,
			);
			name = Pods;
			sourceTree = "<group>";
		};
/* End PBXGroup section */

/* Begin PBXNativeTarget section */
		23DFA2DE1DCBF44700D036A0 /* quickneasy */ = {
			isa = PBXNativeTarget;
			buildConfigurationList = 23DFA2F11DCBF44700D036A0 /* Build configuration list for PBXNativeTarget "quickneasy" */;
			buildPhases = (
				81904D00D98963F6536DD20E /* [CP] Check Pods Manifest.lock */,
				23DFA2DB1DCBF44700D036A0 /* Sources */,
				23DFA2DC1DCBF44700D036A0 /* Frameworks */,
				23DFA2DD1DCBF44700D036A0 /* Resources */,
				F7F912B9D4B477AD73410E1D /* [CP] Embed Pods Frameworks */,
				B2E617B6CEED8266B7586E85 /* [CP] Copy Pods Resources */,
			);
			buildRules = (
			);
			dependencies = (
			);
			name = quickneasy;
			productName = quickneasy;
			productReference = 23DFA2DF1DCBF44700D036A0 /* quickneasy.app */;
			productType = "com.apple.product-type.application";
		};
/* End PBXNativeTarget section */

/* Begin PBXProject section */
		23DFA2D71DCBF44700D036A0 /* Project object */ = {
			isa = PBXProject;
			attributes = {
				LastSwiftUpdateCheck = 0730;
				LastUpgradeCheck = 0730;
				ORGANIZATIONNAME = LEA;
				TargetAttributes = {
					23DFA2DE1DCBF44700D036A0 = {
						CreatedOnToolsVersion = 7.3.1;
						DevelopmentTeam = 2A9ZA2UBWH;
					};
				};
			};
			buildConfigurationList = 23DFA2DA1DCBF44700D036A0 /* Build configuration list for PBXProject "quickneasy" */;
			compatibilityVersion = "Xcode 3.2";
			developmentRegion = English;
			hasScannedForEncodings = 0;
			knownRegions = (
				en,
				Base,
			);
			mainGroup = 23DFA2D61DCBF44700D036A0;
			productRefGroup = 23DFA2E01DCBF44700D036A0 /* Products */;
			projectDirPath = "";
			projectRoot = "";
			targets = (
				23DFA2DE1DCBF44700D036A0 /* quickneasy */,
			);
		};
/* End PBXProject section */

/* Begin PBXResourcesBuildPhase section */
		23DFA2DD1DCBF44700D036A0 /* Resources */ = {
			isa = PBXResourcesBuildPhase;
			buildActionMask = 2147483647;
			files = (
				23DFA2ED1DCBF44700D036A0 /* LaunchScreen.storyboard in Resources */,
				2319479F1DD7D20E000C7429 /* GoogleService-Info.plist in Resources */,
				23DFA2EA1DCBF44700D036A0 /* Assets.xcassets in Resources */,
				23DFA2E81DCBF44700D036A0 /* Main.storyboard in Resources */,
			);
			runOnlyForDeploymentPostprocessing = 0;
		};
/* End PBXResourcesBuildPhase section */

/* Begin PBXShellScriptBuildPhase section */
		81904D00D98963F6536DD20E /* [CP] Check Pods Manifest.lock */ = {
			isa = PBXShellScriptBuildPhase;
			buildActionMask = 2147483647;
			files = (
			);
			inputPaths = (
			);
			name = "[CP] Check Pods Manifest.lock";
			outputPaths = (
			);
			runOnlyForDeploymentPostprocessing = 0;
			shellPath = /bin/sh;
			shellScript = "diff \"${PODS_ROOT}/../Podfile.lock\" \"${PODS_ROOT}/Manifest.lock\" > /dev/null\nif [ $? != 0 ] ; then\n    # print error to STDERR\n    echo \"error: The sandbox is not in sync with the Podfile.lock. Run 'pod install' or update your CocoaPods installation.\" >&2\n    exit 1\nfi\n";
			showEnvVarsInLog = 0;
		};
		B2E617B6CEED8266B7586E85 /* [CP] Copy Pods Resources */ = {
			isa = PBXShellScriptBuildPhase;
			buildActionMask = 2147483647;
			files = (
			);
			inputPaths = (
			);
			name = "[CP] Copy Pods Resources";
			outputPaths = (
			);
			runOnlyForDeploymentPostprocessing = 0;
			shellPath = /bin/sh;
			shellScript = "\"${SRCROOT}/Pods/Target Support Files/Pods-quickneasy/Pods-quickneasy-resources.sh\"\n";
			showEnvVarsInLog = 0;
		};
		F7F912B9D4B477AD73410E1D /* [CP] Embed Pods Frameworks */ = {
			isa = PBXShellScriptBuildPhase;
			buildActionMask = 2147483647;
			files = (
			);
			inputPaths = (
			);
			name = "[CP] Embed Pods Frameworks";
			outputPaths = (
			);
			runOnlyForDeploymentPostprocessing = 0;
			shellPath = /bin/sh;
			shellScript = "\"${SRCROOT}/Pods/Target Support Files/Pods-quickneasy/Pods-quickneasy-frameworks.sh\"\n";
			showEnvVarsInLog = 0;
		};
/* End PBXShellScriptBuildPhase section */

/* Begin PBXSourcesBuildPhase section */
		23DFA2DB1DCBF44700D036A0 /* Sources */ = {
			isa = PBXSourcesBuildPhase;
			buildActionMask = 2147483647;
			files = (
				23DFA2E51DCBF44700D036A0 /* ViewController.swift in Sources */,
				09BE14D71E0E10ED00CF71C7 /* ContentViewController.swift in Sources */,
				23DFA2E31DCBF44700D036A0 /* AppDelegate.swift in Sources */,
				2307F2451E0F5AFC00572D4B /* RecipeUrl.swift in Sources */,
				2307F2441E0F5AFC00572D4B /* RecipeCall.swift in Sources */,
			);
			runOnlyForDeploymentPostprocessing = 0;
		};
/* End PBXSourcesBuildPhase section */

/* Begin PBXVariantGroup section */
		23DFA2E61DCBF44700D036A0 /* Main.storyboard */ = {
			isa = PBXVariantGroup;
			children = (
				23DFA2E71DCBF44700D036A0 /* Base */,
				097C54851E0266C9000FEC46 /* en */,
			);
			name = Main.storyboard;
			sourceTree = "<group>";
		};
		23DFA2EB1DCBF44700D036A0 /* LaunchScreen.storyboard */ = {
			isa = PBXVariantGroup;
			children = (
				23DFA2EC1DCBF44700D036A0 /* Base */,
			);
			name = LaunchScreen.storyboard;
			sourceTree = "<group>";
		};
/* End PBXVariantGroup section */

/* Begin XCBuildConfiguration section */
		23DFA2EF1DCBF44700D036A0 /* Debug */ = {
			isa = XCBuildConfiguration;
			buildSettings = {
				ALWAYS_SEARCH_USER_PATHS = NO;
				CLANG_ANALYZER_NONNULL = YES;
				CLANG_CXX_LANGUAGE_STANDARD = "gnu++0x";
				CLANG_CXX_LIBRARY = "libc++";
				CLANG_ENABLE_MODULES = YES;
				CLANG_ENABLE_OBJC_ARC = YES;
				CLANG_WARN_BOOL_CONVERSION = YES;
				CLANG_WARN_CONSTANT_CONVERSION = YES;
				CLANG_WARN_DIRECT_OBJC_ISA_USAGE = YES_ERROR;
				CLANG_WARN_EMPTY_BODY = YES;
				CLANG_WARN_ENUM_CONVERSION = YES;
				CLANG_WARN_INT_CONVERSION = YES;
				CLANG_WARN_OBJC_ROOT_CLASS = YES_ERROR;
				CLANG_WARN_UNREACHABLE_CODE = YES;
				CLANG_WARN__DUPLICATE_METHOD_MATCH = YES;
				"CODE_SIGN_IDENTITY[sdk=iphoneos*]" = "iPhone Developer";
				COPY_PHASE_STRIP = NO;
				DEBUG_INFORMATION_FORMAT = dwarf;
				ENABLE_STRICT_OBJC_MSGSEND = YES;
				ENABLE_TESTABILITY = YES;
				GCC_C_LANGUAGE_STANDARD = gnu99;
				GCC_DYNAMIC_NO_PIC = NO;
				GCC_NO_COMMON_BLOCKS = YES;
				GCC_OPTIMIZATION_LEVEL = 0;
				GCC_PREPROCESSOR_DEFINITIONS = (
					"DEBUG=1",
					"$(inherited)",
				);
				GCC_WARN_64_TO_32_BIT_CONVERSION = YES;
				GCC_WARN_ABOUT_RETURN_TYPE = YES_ERROR;
				GCC_WARN_UNDECLARED_SELECTOR = YES;
				GCC_WARN_UNINITIALIZED_AUTOS = YES_AGGRESSIVE;
				GCC_WARN_UNUSED_FUNCTION = YES;
				GCC_WARN_UNUSED_VARIABLE = YES;
				IPHONEOS_DEPLOYMENT_TARGET = 9.3;
				MTL_ENABLE_DEBUG_INFO = YES;
				ONLY_ACTIVE_ARCH = YES;
				SDKROOT = iphoneos;
				SWIFT_OPTIMIZATION_LEVEL = "-Onone";
				TARGETED_DEVICE_FAMILY = "1,2";
			};
			name = Debug;
		};
		23DFA2F01DCBF44700D036A0 /* Release */ = {
			isa = XCBuildConfiguration;
			buildSettings = {
				ALWAYS_SEARCH_USER_PATHS = NO;
				CLANG_ANALYZER_NONNULL = YES;
				CLANG_CXX_LANGUAGE_STANDARD = "gnu++0x";
				CLANG_CXX_LIBRARY = "libc++";
				CLANG_ENABLE_MODULES = YES;
				CLANG_ENABLE_OBJC_ARC = YES;
				CLANG_WARN_BOOL_CONVERSION = YES;
				CLANG_WARN_CONSTANT_CONVERSION = YES;
				CLANG_WARN_DIRECT_OBJC_ISA_USAGE = YES_ERROR;
				CLANG_WARN_EMPTY_BODY = YES;
				CLANG_WARN_ENUM_CONVERSION = YES;
				CLANG_WARN_INT_CONVERSION = YES;
				CLANG_WARN_OBJC_ROOT_CLASS = YES_ERROR;
				CLANG_WARN_UNREACHABLE_CODE = YES;
				CLANG_WARN__DUPLICATE_METHOD_MATCH = YES;
				"CODE_SIGN_IDENTITY[sdk=iphoneos*]" = "iPhone Developer";
				COPY_PHASE_STRIP = NO;
				DEBUG_INFORMATION_FORMAT = "dwarf-with-dsym";
				ENABLE_NS_ASSERTIONS = NO;
				ENABLE_STRICT_OBJC_MSGSEND = YES;
				GCC_C_LANGUAGE_STANDARD = gnu99;
				GCC_NO_COMMON_BLOCKS = YES;
				GCC_WARN_64_TO_32_BIT_CONVERSION = YES;
				GCC_WARN_ABOUT_RETURN_TYPE = YES_ERROR;
				GCC_WARN_UNDECLARED_SELECTOR = YES;
				GCC_WARN_UNINITIALIZED_AUTOS = YES_AGGRESSIVE;
				GCC_WARN_UNUSED_FUNCTION = YES;
				GCC_WARN_UNUSED_VARIABLE = YES;
				IPHONEOS_DEPLOYMENT_TARGET = 9.3;
				MTL_ENABLE_DEBUG_INFO = NO;
				SDKROOT = iphoneos;
				TARGETED_DEVICE_FAMILY = "1,2";
				VALIDATE_PRODUCT = YES;
			};
			name = Release;
		};
		23DFA2F21DCBF44700D036A0 /* Debug */ = {
			isa = XCBuildConfiguration;
			baseConfigurationReference = 53677833A0BE150E1E0CC7AA /* Pods-quickneasy.debug.xcconfig */;
			buildSettings = {
				ASSETCATALOG_COMPILER_APPICON_NAME = AppIcon;
				CODE_SIGN_IDENTITY = "iPhone Developer";
				"CODE_SIGN_IDENTITY[sdk=iphoneos*]" = "iPhone Developer";
				INFOPLIST_FILE = quickneasy/Info.plist;
				LD_RUNPATH_SEARCH_PATHS = "$(inherited) @executable_path/Frameworks";
				PRODUCT_BUNDLE_IDENTIFIER = edu.csumb.lea.quickneasy;
				PRODUCT_NAME = "$(TARGET_NAME)";
				PROVISIONING_PROFILE = "";
				SWIFT_OBJC_BRIDGING_HEADER = "quickneasy-Bridging-Header.h";
			};
			name = Debug;
		};
		23DFA2F31DCBF44700D036A0 /* Release */ = {
			isa = XCBuildConfiguration;
			baseConfigurationReference = 064832384315A1D4FE705591 /* Pods-quickneasy.release.xcconfig */;
			buildSettings = {
				ASSETCATALOG_COMPILER_APPICON_NAME = AppIcon;
				CODE_SIGN_IDENTITY = "iPhone Developer";
				"CODE_SIGN_IDENTITY[sdk=iphoneos*]" = "iPhone Developer";
				INFOPLIST_FILE = quickneasy/Info.plist;
				LD_RUNPATH_SEARCH_PATHS = "$(inherited) @executable_path/Frameworks";
				PRODUCT_BUNDLE_IDENTIFIER = edu.csumb.lea.quickneasy;
				PRODUCT_NAME = "$(TARGET_NAME)";
				PROVISIONING_PROFILE = "";
				SWIFT_OBJC_BRIDGING_HEADER = "quickneasy-Bridging-Header.h";
			};
			name = Release;
		};
/* End XCBuildConfiguration section */

/* Begin XCConfigurationList section */
		23DFA2DA1DCBF44700D036A0 /* Build configuration list for PBXProject "quickneasy" */ = {
			isa = XCConfigurationList;
			buildConfigurations = (
				23DFA2EF1DCBF44700D036A0 /* Debug */,
				23DFA2F01DCBF44700D036A0 /* Release */,
			);
			defaultConfigurationIsVisible = 0;
			defaultConfigurationName = Release;
		};
		23DFA2F11DCBF44700D036A0 /* Build configuration list for PBXNativeTarget "quickneasy" */ = {
			isa = XCConfigurationList;
			buildConfigurations = (
				23DFA2F21DCBF44700D036A0 /* Debug */,
				23DFA2F31DCBF44700D036A0 /* Release */,
			);
			defaultConfigurationIsVisible = 0;
			defaultConfigurationName = Release;
		};
/* End XCConfigurationList section */
	};
	rootObject = 23DFA2D71DCBF44700D036A0 /* Project object */;
}
